<?xml version="1.0" encoding="utf-8"?>
<Project ToolsVersion="4.0" xmlns="http://schemas.microsoft.com/developer/msbuild/2003">
  <ItemGroup>
    <ClCompile Include="pch.cpp" />
    <ClCompile Include="PacketHandler.cpp" />
    <ClCompile Include="DataBaseManager.cpp">
      <Filter>DataBase</Filter>
    </ClCompile>
    <ClCompile Include="DBObject.cpp">
      <Filter>DataBase</Filter>
    </ClCompile>
    <ClCompile Include="UserData.cpp" />
    <ClCompile Include="ServerSession.cpp">
      <Filter>Session</Filter>
    </ClCompile>
    <ClCompile Include="ServerSessionManager.cpp">
      <Filter>Session</Filter>
    </ClCompile>
    <ClCompile Include="Main.cpp" />
    <ClCompile Include="ChattingObject.cpp">
      <Filter>Chatting</Filter>
    </ClCompile>
    <ClCompile Include="ChattingManager.cpp">
      <Filter>Chatting</Filter>
    </ClCompile>
    <ClCompile Include="InGameManager.cpp">
      <Filter>InGame</Filter>
    </ClCompile>
    <ClCompile Include="InGameObject.cpp">
      <Filter>InGame</Filter>
    </ClCompile>
    <ClCompile Include="Transform.cpp">
      <Filter>InGame\Component\Transform</Filter>
    </ClCompile>
    <ClCompile Include="UserController.cpp">
      <Filter>InGame\Component\UserController</Filter>
    </ClCompile>
    <ClCompile Include="InteractionObject.cpp">
      <Filter>InGame\Interaction</Filter>
    </ClCompile>
    <ClCompile Include="InteractionManager.cpp">
      <Filter>InGame\Interaction</Filter>
    </ClCompile>
    <ClCompile Include="UserObject.cpp">
      <Filter>InGame\Interaction\User</Filter>
    </ClCompile>
    <ClCompile Include="InGameUpdateManager.cpp">
      <Filter>InGame\InGameUpdateManager</Filter>
    </ClCompile>
    <ClCompile Include="State.cpp">
      <Filter>InGame\Component\State</Filter>
    </ClCompile>
    <ClCompile Include="Collision.cpp">
      <Filter>InGame\Component\Collision</Filter>
    </ClCompile>
    <ClCompile Include="AttackDummy.cpp">
      <Filter>InGame\Interaction\Dummy</Filter>
    </ClCompile>
    <ClCompile Include="ContentsManager.cpp">
      <Filter>InGame\ContentsManager</Filter>
    </ClCompile>
    <ClCompile Include="AttackFireBall.cpp">
      <Filter>InGame\Interaction\Attack</Filter>
    </ClCompile>
    <ClCompile Include="InteractionCreator.cpp">
      <Filter>InGame\Interaction</Filter>
    </ClCompile>
  </ItemGroup>
  <ItemGroup>
    <ClInclude Include="pch.h" />
    <ClInclude Include="PacketHandler.h" />
    <ClInclude Include="DataBaseManager.h">
      <Filter>DataBase</Filter>
    </ClInclude>
    <ClInclude Include="DBObject.h">
      <Filter>DataBase</Filter>
    </ClInclude>
    <ClInclude Include="UserData.h" />
    <ClInclude Include="ServerTypes.h" />
    <ClInclude Include="ServerSession.h">
      <Filter>Session</Filter>
    </ClInclude>
    <ClInclude Include="ServerSessionManager.h">
      <Filter>Session</Filter>
    </ClInclude>
    <ClInclude Include="ChattingObject.h">
      <Filter>Chatting</Filter>
    </ClInclude>
    <ClInclude Include="ChattingManager.h">
      <Filter>Chatting</Filter>
    </ClInclude>
    <ClInclude Include="InGameManager.h">
      <Filter>InGame</Filter>
    </ClInclude>
    <ClInclude Include="InGameObject.h">
      <Filter>InGame</Filter>
    </ClInclude>
    <ClInclude Include="Transform.h">
      <Filter>InGame\Component\Transform</Filter>
    </ClInclude>
    <ClInclude Include="UserController.h">
      <Filter>InGame\Component\UserController</Filter>
    </ClInclude>
    <ClInclude Include="InteractionObject.h">
      <Filter>InGame\Interaction</Filter>
    </ClInclude>
    <ClInclude Include="InteractionManager.h">
      <Filter>InGame\Interaction</Filter>
    </ClInclude>
    <ClInclude Include="UserObject.h">
      <Filter>InGame\Interaction\User</Filter>
    </ClInclude>
    <ClInclude Include="InGameUpdateManager.h">
      <Filter>InGame\InGameUpdateManager</Filter>
    </ClInclude>
    <ClInclude Include="State.h">
      <Filter>InGame\Component\State</Filter>
    </ClInclude>
    <ClInclude Include="InGamePacketDatah.h" />
    <ClInclude Include="Collision.h">
      <Filter>InGame\Component\Collision</Filter>
    </ClInclude>
    <ClInclude Include="AttackDummy.h">
      <Filter>InGame\Interaction\Dummy</Filter>
    </ClInclude>
    <ClInclude Include="ContentsManager.h">
      <Filter>InGame\ContentsManager</Filter>
    </ClInclude>
    <ClInclude Include="AttackFireBall.h">
      <Filter>InGame\Interaction\Attack</Filter>
    </ClInclude>
    <ClInclude Include="InteractionCreator.h">
      <Filter>InGame\Interaction</Filter>
    </ClInclude>
  </ItemGroup>
  <ItemGroup>
    <Filter Include="DataBase">
      <UniqueIdentifier>{1738c9a0-2011-4435-a156-7d8c95b99c3e}</UniqueIdentifier>
    </Filter>
    <Filter Include="Chatting">
      <UniqueIdentifier>{40dee9ac-f80d-44dc-993f-d0c454983be1}</UniqueIdentifier>
    </Filter>
    <Filter Include="InGame">
      <UniqueIdentifier>{99b3ea1b-9e08-4230-9ef8-257a842374c1}</UniqueIdentifier>
    </Filter>
    <Filter Include="InGame\Component">
      <UniqueIdentifier>{2db60e02-cfd5-467f-9c8c-0834ae5f3fcc}</UniqueIdentifier>
    </Filter>
    <Filter Include="InGame\Component\UserController">
      <UniqueIdentifier>{cf8f5f3d-89fa-44ad-b4e2-b5c0d37eef84}</UniqueIdentifier>
    </Filter>
    <Filter Include="InGame\Component\Transform">
      <UniqueIdentifier>{90ed4bc1-9ed1-4101-bc53-7c3f6751aed0}</UniqueIdentifier>
    </Filter>
    <Filter Include="InGame\Interaction">
      <UniqueIdentifier>{07ad90be-54d5-4e96-8c37-24d8de3b1b31}</UniqueIdentifier>
    </Filter>
    <Filter Include="InGame\Interaction\User">
      <UniqueIdentifier>{cdc866ad-8231-4a1a-89be-ec22200f5a0b}</UniqueIdentifier>
    </Filter>
    <Filter Include="InGame\InGameUpdateManager">
      <UniqueIdentifier>{fed1aa4c-dba9-438e-bbd8-62e8040190c3}</UniqueIdentifier>
    </Filter>
    <Filter Include="InGame\Component\State">
      <UniqueIdentifier>{857f9b9c-0319-4c6c-a7ce-503ab4fe27eb}</UniqueIdentifier>
    </Filter>
    <Filter Include="Session">
      <UniqueIdentifier>{48b05756-bba2-4309-aab3-1b8d036ac60d}</UniqueIdentifier>
    </Filter>
    <Filter Include="InGame\Component\Collision">
      <UniqueIdentifier>{df9fca3a-5072-4c2d-ade3-e56b574761f2}</UniqueIdentifier>
    </Filter>
    <Filter Include="InGame\Interaction\Dummy">
      <UniqueIdentifier>{2d452924-a6ad-4719-9b66-91e240566064}</UniqueIdentifier>
    </Filter>
    <Filter Include="InGame\ContentsManager">
      <UniqueIdentifier>{21ca81de-9eba-424c-a2e9-3e4b4187ec63}</UniqueIdentifier>
    </Filter>
    <Filter Include="InGame\Interaction\Attack">
      <UniqueIdentifier>{9a1d6d00-20c8-4cca-b41e-66ea778518f4}</UniqueIdentifier>
    </Filter>
  </ItemGroup>
</Project>